version = 1
requires-python = ">=3.9"

[[package]]
name = "asttokens"
version = "2.4.1"
source = { registry = "https://pypi.org/simple" }
dependencies = [
    { name = "six" },
]
sdist = { url = "https://files.pythonhosted.org/packages/45/1d/f03bcb60c4a3212e15f99a56085d93093a497718adf828d050b9d675da81/asttokens-2.4.1.tar.gz", hash = "sha256:b03869718ba9a6eb027e134bfdf69f38a236d681c83c160d510768af11254ba0", size = 62284 }
wheels = [
    { url = "https://files.pythonhosted.org/packages/45/86/4736ac618d82a20d87d2f92ae19441ebc7ac9e7a581d7e58bbe79233b24a/asttokens-2.4.1-py2.py3-none-any.whl", hash = "sha256:051ed49c3dcae8913ea7cd08e46a606dba30b79993209636c4875bc1d637bc24", size = 27764 },
]

[[package]]
name = "colorama"
version = "0.4.6"
source = { registry = "https://pypi.org/simple" }
sdist = { url = "https://files.pythonhosted.org/packages/d8/53/6f443c9a4a8358a93a6792e2acffb9d9d5cb0a5cfd8802644b7b1c9a02e4/colorama-0.4.6.tar.gz", hash = "sha256:08695f5cb7ed6e0531a20572697297273c47b8cae5a63ffc6d6ed5c201be6e44", size = 27697 }
wheels = [
    { url = "https://files.pythonhosted.org/packages/d1/d6/3965ed04c63042e047cb6a3e6ed1a63a35087b6a609aa3a15ed8ac56c221/colorama-0.4.6-py2.py3-none-any.whl", hash = "sha256:4f1d9991f5acc0ca119f9d443620b77f9d6b33703e51011c16baf57afb285fc6", size = 25335 },
]

[[package]]
name = "data"
version = "0.1.0"
source = { virtual = "." }
dependencies = [
    { name = "faker" },
    { name = "polars" },
]

[package.dev-dependencies]
dev = [
    { name = "icecream" },
    { name = "ruff" },
]

[package.metadata]
requires-dist = [
    { name = "faker", specifier = ">=33.0.0" },
    { name = "polars", specifier = ">=1.13.1" },
]

[package.metadata.requires-dev]
dev = [
    { name = "icecream", specifier = ">=2.1.3" },
    { name = "ruff", specifier = ">=0.7.4" },
]

[[package]]
name = "executing"
version = "2.1.0"
source = { registry = "https://pypi.org/simple" }
sdist = { url = "https://files.pythonhosted.org/packages/8c/e3/7d45f492c2c4a0e8e0fad57d081a7c8a0286cdd86372b070cca1ec0caa1e/executing-2.1.0.tar.gz", hash = "sha256:8ea27ddd260da8150fa5a708269c4a10e76161e2496ec3e587da9e3c0fe4b9ab", size = 977485 }
wheels = [
    { url = "https://files.pythonhosted.org/packages/b5/fd/afcd0496feca3276f509df3dbd5dae726fcc756f1a08d9e25abe1733f962/executing-2.1.0-py2.py3-none-any.whl", hash = "sha256:8d63781349375b5ebccc3142f4b30350c0cd9c79f921cde38be2be4637e98eaf", size = 25805 },
]

[[package]]
name = "faker"
version = "33.0.0"
source = { registry = "https://pypi.org/simple" }
dependencies = [
    { name = "python-dateutil" },
    { name = "typing-extensions" },
]
sdist = { url = "https://files.pythonhosted.org/packages/5b/c7/0782eb872b96ee571701237be0dd85aef3713a15045ba42752a8aac7c8ce/faker-33.0.0.tar.gz", hash = "sha256:9b01019c1ddaf2253ca2308c0472116e993f4ad8fc9905f82fa965e0c6f932e9", size = 1850076 }
wheels = [
    { url = "https://files.pythonhosted.org/packages/c0/c3/0451555e7a9a233bc17f128cff7654ec60036d4ccbb8397dd949f28df176/Faker-33.0.0-py3-none-any.whl", hash = "sha256:68e5580cb6b4226710886e595eabc13127149d6e71e9d1db65506a7fbe2c7fce", size = 1889118 },
]

[[package]]
name = "icecream"
version = "2.1.3"
source = { registry = "https://pypi.org/simple" }
dependencies = [
    { name = "asttokens" },
    { name = "colorama" },
    { name = "executing" },
    { name = "pygments" },
]
sdist = { url = "https://files.pythonhosted.org/packages/1c/8b/ae6ebc9fc423f9397a0982990c86f1fe94077df729ef452c9a847fb16ae6/icecream-2.1.3.tar.gz", hash = "sha256:0aa4a7c3374ec36153a1d08f81e3080e83d8ac1eefd97d2f4fe9544e8f9b49de", size = 14722 }
wheels = [
    { url = "https://files.pythonhosted.org/packages/06/4e/21e309c7087695cf500a1827597f8510641f2c9a50ed7741bf7fc38736ff/icecream-2.1.3-py2.py3-none-any.whl", hash = "sha256:757aec31ad4488b949bc4f499d18e6e5973c40cc4d4fc607229e78cfaec94c34", size = 8425 },
]

[[package]]
name = "polars"
version = "1.13.1"
source = { registry = "https://pypi.org/simple" }
sdist = { url = "https://files.pythonhosted.org/packages/75/33/6c5028a3a3253a89b73d8398b52ea357876340b5e5c6bca91633db251dad/polars-1.13.1.tar.gz", hash = "sha256:a8a7bb70aca0657939552a4505eccabb07c9d59d330d5a66409fe67295082860", size = 4125025 }
wheels = [
    { url = "https://files.pythonhosted.org/packages/ca/73/b6db1017f0f80290b408f7576886115ab7c26d98b137bb7c8d20333c1154/polars-1.13.1-cp39-abi3-macosx_10_12_x86_64.whl", hash = "sha256:9d5c74229fdc180fdbe99e4dc121a2ce0de6f0fcea2769a208f033112d5729dd", size = 34183338 },
    { url = "https://files.pythonhosted.org/packages/6e/ec/5d4b0f6cdbd63b75913bae18f2abc1b30f4e776eab00d646f282bd405aeb/polars-1.13.1-cp39-abi3-macosx_11_0_arm64.whl", hash = "sha256:faa436c721179fca978a470ade1072acc5e510396a88ce7e3aa4fcc75186739f", size = 30092667 },
    { url = "https://files.pythonhosted.org/packages/ce/e8/9fd44ad4c091f911724f4cbe34f960c2e8016391e88f4da75ab0a2b83493/polars-1.13.1-cp39-abi3-manylinux_2_17_x86_64.manylinux2014_x86_64.whl", hash = "sha256:405826a78c20721d0f47ee58bafdbd5311551c306cc52ff2e8dc0e2f5fc53d07", size = 35422073 },
    { url = "https://files.pythonhosted.org/packages/67/4e/a337779a9653ff271ef57484fba9e298c9be4ddcedd422ea1eb9fdaae65a/polars-1.13.1-cp39-abi3-manylinux_2_24_aarch64.whl", hash = "sha256:792d9de49de6ebcfb137885e1643e09b35bcad1ae3bc86971f0d82a06372e1a4", size = 31798082 },
    { url = "https://files.pythonhosted.org/packages/45/25/b37b81c70595d1eda0f2c62b2e9163243168cf6a8c888f3836473e172083/polars-1.13.1-cp39-abi3-win_amd64.whl", hash = "sha256:060148c687920c7af2dc16a9de0aa6de293233f1a2634db503c497504fdb19ad", size = 35171062 },
]

[[package]]
name = "pygments"
version = "2.18.0"
source = { registry = "https://pypi.org/simple" }
sdist = { url = "https://files.pythonhosted.org/packages/8e/62/8336eff65bcbc8e4cb5d05b55faf041285951b6e80f33e2bff2024788f31/pygments-2.18.0.tar.gz", hash = "sha256:786ff802f32e91311bff3889f6e9a86e81505fe99f2735bb6d60ae0c5004f199", size = 4891905 }
wheels = [
    { url = "https://files.pythonhosted.org/packages/f7/3f/01c8b82017c199075f8f788d0d906b9ffbbc5a47dc9918a945e13d5a2bda/pygments-2.18.0-py3-none-any.whl", hash = "sha256:b8e6aca0523f3ab76fee51799c488e38782ac06eafcf95e7ba832985c8e7b13a", size = 1205513 },
]

[[package]]
name = "python-dateutil"
version = "2.9.0.post0"
source = { registry = "https://pypi.org/simple" }
dependencies = [
    { name = "six" },
]
sdist = { url = "https://files.pythonhosted.org/packages/66/c0/0c8b6ad9f17a802ee498c46e004a0eb49bc148f2fd230864601a86dcf6db/python-dateutil-2.9.0.post0.tar.gz", hash = "sha256:37dd54208da7e1cd875388217d5e00ebd4179249f90fb72437e91a35459a0ad3", size = 342432 }
wheels = [
    { url = "https://files.pythonhosted.org/packages/ec/57/56b9bcc3c9c6a792fcbaf139543cee77261f3651ca9da0c93f5c1221264b/python_dateutil-2.9.0.post0-py2.py3-none-any.whl", hash = "sha256:a8b2bc7bffae282281c8140a97d3aa9c14da0b136dfe83f850eea9a5f7470427", size = 229892 },
]

[[package]]
name = "ruff"
version = "0.7.4"
source = { registry = "https://pypi.org/simple" }
sdist = { url = "https://files.pythonhosted.org/packages/0b/8b/bc4e0dfa1245b07cf14300e10319b98e958a53ff074c1dd86b35253a8c2a/ruff-0.7.4.tar.gz", hash = "sha256:cd12e35031f5af6b9b93715d8c4f40360070b2041f81273d0527683d5708fce2", size = 3275547 }
wheels = [
    { url = "https://files.pythonhosted.org/packages/e6/4b/f5094719e254829766b807dadb766841124daba75a37da83e292ae5ad12f/ruff-0.7.4-py3-none-linux_armv6l.whl", hash = "sha256:a4919925e7684a3f18e18243cd6bea7cfb8e968a6eaa8437971f681b7ec51478", size = 10447512 },
    { url = "https://files.pythonhosted.org/packages/9e/1d/3d2d2c9f601cf6044799c5349ff5267467224cefed9b35edf5f1f36486e9/ruff-0.7.4-py3-none-macosx_10_12_x86_64.whl", hash = "sha256:cfb365c135b830778dda8c04fb7d4280ed0b984e1aec27f574445231e20d6c63", size = 10235436 },
    { url = "https://files.pythonhosted.org/packages/62/83/42a6ec6216ded30b354b13e0e9327ef75a3c147751aaf10443756cb690e9/ruff-0.7.4-py3-none-macosx_11_0_arm64.whl", hash = "sha256:63a569b36bc66fbadec5beaa539dd81e0527cb258b94e29e0531ce41bacc1f20", size = 9888936 },
    { url = "https://files.pythonhosted.org/packages/4d/26/e1e54893b13046a6ad05ee9b89ee6f71542ba250f72b4c7a7d17c3dbf73d/ruff-0.7.4-py3-none-manylinux_2_17_aarch64.manylinux2014_aarch64.whl", hash = "sha256:0d06218747d361d06fd2fdac734e7fa92df36df93035db3dc2ad7aa9852cb109", size = 10697353 },
    { url = "https://files.pythonhosted.org/packages/21/24/98d2e109c4efc02bfef144ec6ea2c3e1217e7ce0cfddda8361d268dfd499/ruff-0.7.4-py3-none-manylinux_2_17_armv7l.manylinux2014_armv7l.whl", hash = "sha256:e0cea28d0944f74ebc33e9f934238f15c758841f9f5edd180b5315c203293452", size = 10228078 },
    { url = "https://files.pythonhosted.org/packages/ad/b7/964c75be9bc2945fc3172241b371197bb6d948cc69e28bc4518448c368f3/ruff-0.7.4-py3-none-manylinux_2_17_i686.manylinux2014_i686.whl", hash = "sha256:80094ecd4793c68b2571b128f91754d60f692d64bc0d7272ec9197fdd09bf9ea", size = 11264823 },
    { url = "https://files.pythonhosted.org/packages/12/8d/20abdbf705969914ce40988fe71a554a918deaab62c38ec07483e77866f6/ruff-0.7.4-py3-none-manylinux_2_17_ppc64.manylinux2014_ppc64.whl", hash = "sha256:997512325c6620d1c4c2b15db49ef59543ef9cd0f4aa8065ec2ae5103cedc7e7", size = 11951855 },
    { url = "https://files.pythonhosted.org/packages/b8/fc/6519ce58c57b4edafcdf40920b7273dfbba64fc6ebcaae7b88e4dc1bf0a8/ruff-0.7.4-py3-none-manylinux_2_17_ppc64le.manylinux2014_ppc64le.whl", hash = "sha256:00b4cf3a6b5fad6d1a66e7574d78956bbd09abfd6c8a997798f01f5da3d46a05", size = 11516580 },
    { url = "https://files.pythonhosted.org/packages/37/1a/5ec1844e993e376a86eb2456496831ed91b4398c434d8244f89094758940/ruff-0.7.4-py3-none-manylinux_2_17_s390x.manylinux2014_s390x.whl", hash = "sha256:7dbdc7d8274e1422722933d1edddfdc65b4336abf0b16dfcb9dedd6e6a517d06", size = 12692057 },
    { url = "https://files.pythonhosted.org/packages/50/90/76867152b0d3c05df29a74bb028413e90f704f0f6701c4801174ba47f959/ruff-0.7.4-py3-none-manylinux_2_17_x86_64.manylinux2014_x86_64.whl", hash = "sha256:0e92dfb5f00eaedb1501b2f906ccabfd67b2355bdf117fea9719fc99ac2145bc", size = 11085137 },
    { url = "https://files.pythonhosted.org/packages/c8/eb/0a7cb6059ac3555243bd026bb21785bbc812f7bbfa95a36c101bd72b47ae/ruff-0.7.4-py3-none-musllinux_1_2_aarch64.whl", hash = "sha256:3bd726099f277d735dc38900b6a8d6cf070f80828877941983a57bca1cd92172", size = 10681243 },
    { url = "https://files.pythonhosted.org/packages/5e/76/2270719dbee0fd35780b05c08a07b7a726c3da9f67d9ae89ef21fc18e2e5/ruff-0.7.4-py3-none-musllinux_1_2_armv7l.whl", hash = "sha256:2e32829c429dd081ee5ba39aef436603e5b22335c3d3fff013cd585806a6486a", size = 10319187 },
    { url = "https://files.pythonhosted.org/packages/9f/e5/39100f72f8ba70bec1bd329efc880dea8b6c1765ea1cb9d0c1c5f18b8d7f/ruff-0.7.4-py3-none-musllinux_1_2_i686.whl", hash = "sha256:662a63b4971807623f6f90c1fb664613f67cc182dc4d991471c23c541fee62dd", size = 10803715 },
    { url = "https://files.pythonhosted.org/packages/a5/89/40e904784f305fb56850063f70a998a64ebba68796d823dde67e89a24691/ruff-0.7.4-py3-none-musllinux_1_2_x86_64.whl", hash = "sha256:876f5e09eaae3eb76814c1d3b68879891d6fde4824c015d48e7a7da4cf066a3a", size = 11162912 },
    { url = "https://files.pythonhosted.org/packages/8d/1b/dd77503b3875c51e3dbc053fd8367b845ab8b01c9ca6d0c237082732856c/ruff-0.7.4-py3-none-win32.whl", hash = "sha256:75c53f54904be42dd52a548728a5b572344b50d9b2873d13a3f8c5e3b91f5cac", size = 8702767 },
    { url = "https://files.pythonhosted.org/packages/63/76/253ddc3e89e70165bba952ecca424b980b8d3c2598ceb4fc47904f424953/ruff-0.7.4-py3-none-win_amd64.whl", hash = "sha256:745775c7b39f914238ed1f1b0bebed0b9155a17cd8bc0b08d3c87e4703b990d6", size = 9497534 },
    { url = "https://files.pythonhosted.org/packages/aa/70/f8724f31abc0b329ca98b33d73c14020168babcf71b0cba3cded5d9d0e66/ruff-0.7.4-py3-none-win_arm64.whl", hash = "sha256:11bff065102c3ae9d3ea4dc9ecdfe5a5171349cdd0787c1fc64761212fc9cf1f", size = 8851590 },
]

[[package]]
name = "six"
version = "1.16.0"
source = { registry = "https://pypi.org/simple" }
sdist = { url = "https://files.pythonhosted.org/packages/71/39/171f1c67cd00715f190ba0b100d606d440a28c93c7714febeca8b79af85e/six-1.16.0.tar.gz", hash = "sha256:1e61c37477a1626458e36f7b1d82aa5c9b094fa4802892072e49de9c60c4c926", size = 34041 }
wheels = [
    { url = "https://files.pythonhosted.org/packages/d9/5a/e7c31adbe875f2abbb91bd84cf2dc52d792b5a01506781dbcf25c91daf11/six-1.16.0-py2.py3-none-any.whl", hash = "sha256:8abb2f1d86890a2dfb989f9a77cfcfd3e47c2a354b01111771326f8aa26e0254", size = 11053 },
]

[[package]]
name = "typing-extensions"
version = "4.12.2"
source = { registry = "https://pypi.org/simple" }
sdist = { url = "https://files.pythonhosted.org/packages/df/db/f35a00659bc03fec321ba8bce9420de607a1d37f8342eee1863174c69557/typing_extensions-4.12.2.tar.gz", hash = "sha256:1a7ead55c7e559dd4dee8856e3a88b41225abfe1ce8df57b7c13915fe121ffb8", size = 85321 }
wheels = [
    { url = "https://files.pythonhosted.org/packages/26/9f/ad63fc0248c5379346306f8668cda6e2e2e9c95e01216d2b8ffd9ff037d0/typing_extensions-4.12.2-py3-none-any.whl", hash = "sha256:04e5ca0351e0f3f85c6853954072df659d0d13fac324d0072316b67d7794700d", size = 37438 },
]
